
Microsoft Visual Studio Solution File, Format Version 12.00
# Visual Studio Version 16
VisualStudioVersion = 16.0.29728.190
MinimumVisualStudioVersion = 10.0.40219.1
Project("{FAE04EC0-301F-11D3-BF4B-00C04F79EFBC}") = "Exercice3", "Service_Web\Exercice3.csproj", "{F23D963B-E1B1-47B1-84D8-BFDD214B4320}"
EndProject
Global
	GlobalSection(SolutionConfigurationPlatforms) = preSolution
		Debug|Any CPU = Debug|Any CPU
		Release|Any CPU = Release|Any CPU
	EndGlobalSection
	GlobalSection(ProjectConfigurationPlatforms) = postSolution
		{F23D963B-E1B1-47B1-84D8-BFDD214B4320}.Debug|Any CPU.ActiveCfg = Debug|Any CPU
		{F23D963B-E1B1-47B1-84D8-BFDD214B4320}.Debug|Any CPU.Build.0 = Debug|Any CPU
		{F23D963B-E1B1-47B1-84D8-BFDD214B4320}.Release|Any CPU.ActiveCfg = Release|Any CPU
		{F23D963B-E1B1-47B1-84D8-BFDD214B4320}.Release|Any CPU.Build.0 = Release|Any CPU
	EndGlobalSection
	GlobalSection(SolutionProperties) = preSolution
		HideSolutionNode = FALSE
	EndGlobalSection
	GlobalSection(ExtensibilityGlobals) = postSolution
		SolutionGuid = {53E6DC1D-2666-4ECB-AB5C-677619A5ADD9}
	EndGlobalSection
EndGlobal
