
Microsoft Visual Studio Solution File, Format Version 12.00
# Visual Studio Version 16
VisualStudioVersion = 16.0.30907.101
MinimumVisualStudioVersion = 10.0.40219.1
Project("{9A19103F-16F7-4668-BE54-9A1E7A4F7556}") = "ConsoleApp1", "ConsoleApp1\ConsoleApp1.csproj", "{CDCBEC3D-4D8E-4888-AB93-23A9F3EEACB9}"
EndProject
Project("{9A19103F-16F7-4668-BE54-9A1E7A4F7556}") = "ClassLibrary1", "ClassLibrary1\ClassLibrary1.csproj", "{AF2B4927-18DE-4196-8B68-DD47EE091984}"
EndProject
Project("{FAE04EC0-301F-11D3-BF4B-00C04F79EFBC}") = "WindowsFormsApp1", "WindowsFormsApp1\WindowsFormsApp1.csproj", "{EDA3CE45-96BC-40D5-B94F-7D30BE39F1F2}"
EndProject
Project("{FAE04EC0-301F-11D3-BF4B-00C04F79EFBC}") = "Complexe", "Complexe\Complexe.csproj", "{F5F91C53-14CC-4C23-9032-567B43591766}"
EndProject
Global
	GlobalSection(SolutionConfigurationPlatforms) = preSolution
		Debug|Any CPU = Debug|Any CPU
		Release|Any CPU = Release|Any CPU
	EndGlobalSection
	GlobalSection(ProjectConfigurationPlatforms) = postSolution
		{CDCBEC3D-4D8E-4888-AB93-23A9F3EEACB9}.Debug|Any CPU.ActiveCfg = Debug|Any CPU
		{CDCBEC3D-4D8E-4888-AB93-23A9F3EEACB9}.Debug|Any CPU.Build.0 = Debug|Any CPU
		{CDCBEC3D-4D8E-4888-AB93-23A9F3EEACB9}.Release|Any CPU.ActiveCfg = Release|Any CPU
		{CDCBEC3D-4D8E-4888-AB93-23A9F3EEACB9}.Release|Any CPU.Build.0 = Release|Any CPU
		{AF2B4927-18DE-4196-8B68-DD47EE091984}.Debug|Any CPU.ActiveCfg = Debug|Any CPU
		{AF2B4927-18DE-4196-8B68-DD47EE091984}.Debug|Any CPU.Build.0 = Debug|Any CPU
		{AF2B4927-18DE-4196-8B68-DD47EE091984}.Release|Any CPU.ActiveCfg = Release|Any CPU
		{AF2B4927-18DE-4196-8B68-DD47EE091984}.Release|Any CPU.Build.0 = Release|Any CPU
		{EDA3CE45-96BC-40D5-B94F-7D30BE39F1F2}.Debug|Any CPU.ActiveCfg = Debug|Any CPU
		{EDA3CE45-96BC-40D5-B94F-7D30BE39F1F2}.Debug|Any CPU.Build.0 = Debug|Any CPU
		{EDA3CE45-96BC-40D5-B94F-7D30BE39F1F2}.Release|Any CPU.ActiveCfg = Release|Any CPU
		{EDA3CE45-96BC-40D5-B94F-7D30BE39F1F2}.Release|Any CPU.Build.0 = Release|Any CPU
		{F5F91C53-14CC-4C23-9032-567B43591766}.Debug|Any CPU.ActiveCfg = Debug|Any CPU
		{F5F91C53-14CC-4C23-9032-567B43591766}.Debug|Any CPU.Build.0 = Debug|Any CPU
		{F5F91C53-14CC-4C23-9032-567B43591766}.Release|Any CPU.ActiveCfg = Release|Any CPU
		{F5F91C53-14CC-4C23-9032-567B43591766}.Release|Any CPU.Build.0 = Release|Any CPU
	EndGlobalSection
	GlobalSection(SolutionProperties) = preSolution
		HideSolutionNode = FALSE
	EndGlobalSection
	GlobalSection(ExtensibilityGlobals) = postSolution
		SolutionGuid = {7B56F7D4-750B-495D-BE77-CBCA33A245CF}
	EndGlobalSection
EndGlobal
